{
  "name": "@you-agent-factory/factory-emulator",
  "version": "0.0.0",
  "lockfileVersion": 3,
  "requires": true,
  "packages": {
    "": {
      "name": "@you-agent-factory/factory-emulator",
      "version": "0.0.0",
      "license": "MIT",
      "dependencies": {
        "@you-agent-factory/client": "file:../client"
      }
    },
    "../client": {
      "name": "@you-agent-factory/client",
      "version": "0.0.0",
      "license": "MIT",
      "dependencies": {
        "ajv": "^8.20.0",
        "ajv-formats": "^3.0.1"
      }
    },
    "node_modules/@you-agent-factory/client": {
      "resolved": "../client",
      "link": true
    }
  }
}
