{
  "name": "@you-agent-factory/factory-emulator",
  "version": "0.0.0",
  "lockfileVersion": 3,
  "requires": true,
  "packages": {
    "": {
      "name": "@you-agent-factory/factory-emulator",
      "version": "0.0.0",
      "license": "MIT",
      "dependencies": {
        "@you-agent-factory/client": "file:../client"
      },
      "devDependencies": {
        "typescript": "~5.9.3"
      }
    },
    "../client": {
      "name": "@you-agent-factory/client",
      "version": "0.0.0",
      "license": "MIT",
      "dependencies": {
        "ajv": "^8.20.0",
        "ajv-formats": "^3.0.1"
      }
    },
    "node_modules/@you-agent-factory/client": {
      "resolved": "../client",
      "link": true
    },
    "node_modules/typescript": {
      "version": "5.9.3",
      "resolved": "https://registry.npmjs.org/typescript/-/typescript-5.9.3.tgz",
      "integrity": "sha512-jl1vZzPDinLr9eUt3J/t7V6FgNEw9QjvBPdysz9KfQDD41fQrC2Y4vKQdiaUpFT4bXlb1RHhLpp8wtm6M5TgSw==",
      "dev": true,
      "license": "Apache-2.0",
      "bin": {
        "tsc": "bin/tsc",
        "tsserver": "bin/tsserver"
      },
      "engines": {
        "node": ">=14.17"
      }
    }
  }
}
